---
label: Price Block
hide_body: false
is_partial: true
fields:
- type: text
  label: Title
  name: title
- type: number
  name: price
  label: Price
  config:
    step: '100'
  default: '0'
- type: select
  name: cycle
  config:
    source:
      type: simple
    options:
    - Weekly
    - Bi-weekly
    - Monthly
    - Yearly
    - Flat fee
  label: Cycle
- type: textarea
  config:
    wysiwyg: true
    schema:
      format: markdown
  label: Copy
  name: copy
